<?xml version="1.0" encoding="utf-8"?>
<Project ToolsVersion="4.0" xmlns="http://schemas.microsoft.com/developer/msbuild/2003">
  <ItemGroup>
    <Filter Include="Emulator">
      <UniqueIdentifier>{32b19e46-1c97-4552-8777-33a5fbaeeeed}</UniqueIdentifier>
    </Filter>
    <Filter Include="Emulator\CPU">
      <UniqueIdentifier>{44b42ff8-e1ff-419d-a48d-72a70ee06b9d}</UniqueIdentifier>
    </Filter>
    <Filter Include="Emulator\Memory">
      <UniqueIdentifier>{c616849e-52b4-4737-bb04-ae3247e2bb03}</UniqueIdentifier>
    </Filter>
    <Filter Include="Emulator\Sound">
      <UniqueIdentifier>{dce73716-155a-433d-ad47-f206fa12a627}</UniqueIdentifier>
    </Filter>
    <Filter Include="Emulator\GPU">
      <UniqueIdentifier>{c5b35f02-6f42-4e52-9d28-98069a2f6dda}</UniqueIdentifier>
    </Filter>
    <Filter Include="Emulator\Timers">
      <UniqueIdentifier>{ce33cd32-4fc8-4199-b043-09713b79dc3f}</UniqueIdentifier>
    </Filter>
    <Filter Include="Emulator\Joypad">
      <UniqueIdentifier>{ed184cf3-ecd3-434a-ad1b-0a88b84c842c}</UniqueIdentifier>
    </Filter>
    <Filter Include="Emulator\SerialIO">
      <UniqueIdentifier>{70750509-1de7-4b4f-855b-53bbc2aea79b}</UniqueIdentifier>
    </Filter>
  </ItemGroup>
  <ItemGroup>
    <ClCompile Include="CookieboyCPU.cpp">
      <Filter>Emulator\CPU</Filter>
    </ClCompile>
    <ClCompile Include="CookieboyInterrupts.cpp">
      <Filter>Emulator\CPU</Filter>
    </ClCompile>
    <ClCompile Include="CookieboyGPU.cpp">
      <Filter>Emulator\GPU</Filter>
    </ClCompile>
    <ClCompile Include="CookieboyJoypad.cpp">
      <Filter>Emulator\Joypad</Filter>
    </ClCompile>
    <ClCompile Include="CookieboyMemory.cpp">
      <Filter>Emulator\Memory</Filter>
    </ClCompile>
    <ClCompile Include="CookieboyROMInfo.cpp">
      <Filter>Emulator\Memory</Filter>
    </ClCompile>
    <ClCompile Include="CookieboySound.cpp">
      <Filter>Emulator\Sound</Filter>
    </ClCompile>
    <ClCompile Include="CookieboySoundUnit1.cpp">
      <Filter>Emulator\Sound</Filter>
    </ClCompile>
    <ClCompile Include="CookieboySoundUnit2.cpp">
      <Filter>Emulator\Sound</Filter>
    </ClCompile>
    <ClCompile Include="CookieboySoundUnit3.cpp">
      <Filter>Emulator\Sound</Filter>
    </ClCompile>
    <ClCompile Include="CookieboySoundUnit4.cpp">
      <Filter>Emulator\Sound</Filter>
    </ClCompile>
    <ClCompile Include="CookieboyEmulator.cpp">
      <Filter>Emulator</Filter>
    </ClCompile>
    <ClCompile Include="main.cpp" />
    <ClCompile Include="render.cpp" />
  </ItemGroup>
  <ItemGroup>
    <ClInclude Include="CookieboyCPU.h">
      <Filter>Emulator\CPU</Filter>
    </ClInclude>
    <ClInclude Include="CookieboyInterrupts.h">
      <Filter>Emulator\CPU</Filter>
    </ClInclude>
    <ClInclude Include="CookieboyGPU.h">
      <Filter>Emulator\GPU</Filter>
    </ClInclude>
    <ClInclude Include="CookieboyJoypad.h">
      <Filter>Emulator\Joypad</Filter>
    </ClInclude>
    <ClInclude Include="CookieboyMBC.h">
      <Filter>Emulator\Memory</Filter>
    </ClInclude>
    <ClInclude Include="CookieboyMBC1.h">
      <Filter>Emulator\Memory</Filter>
    </ClInclude>
    <ClInclude Include="CookieboyMBC2.h">
      <Filter>Emulator\Memory</Filter>
    </ClInclude>
    <ClInclude Include="CookieboyMBC3.h">
      <Filter>Emulator\Memory</Filter>
    </ClInclude>
    <ClInclude Include="CookieboyMBC5.h">
      <Filter>Emulator\Memory</Filter>
    </ClInclude>
    <ClInclude Include="CookieboyMBC_MMM01.h">
      <Filter>Emulator\Memory</Filter>
    </ClInclude>
    <ClInclude Include="CookieboyMBC_ROMOnly.h">
      <Filter>Emulator\Memory</Filter>
    </ClInclude>
    <ClInclude Include="CookieboyMemory.h">
      <Filter>Emulator\Memory</Filter>
    </ClInclude>
    <ClInclude Include="CookieboyROMInfo.h">
      <Filter>Emulator\Memory</Filter>
    </ClInclude>
    <ClInclude Include="CookieboyEnvelopeUnit.h">
      <Filter>Emulator\Sound</Filter>
    </ClInclude>
    <ClInclude Include="CookieboyLengthCounter.h">
      <Filter>Emulator\Sound</Filter>
    </ClInclude>
    <ClInclude Include="CookieboySound.h">
      <Filter>Emulator\Sound</Filter>
    </ClInclude>
    <ClInclude Include="CookieboySoundUnit1.h">
      <Filter>Emulator\Sound</Filter>
    </ClInclude>
    <ClInclude Include="CookieboySoundUnit2.h">
      <Filter>Emulator\Sound</Filter>
    </ClInclude>
    <ClInclude Include="CookieboySoundUnit3.h">
      <Filter>Emulator\Sound</Filter>
    </ClInclude>
    <ClInclude Include="CookieboySoundUnit4.h">
      <Filter>Emulator\Sound</Filter>
    </ClInclude>
    <ClInclude Include="CookieboySweepUnit.h">
      <Filter>Emulator\Sound</Filter>
    </ClInclude>
    <ClInclude Include="CookieboyDefs.h">
      <Filter>Emulator</Filter>
    </ClInclude>
    <ClInclude Include="CookieboyEmulator.h">
      <Filter>Emulator</Filter>
    </ClInclude>
    <ClInclude Include="CookieboyDividerTimer.h">
      <Filter>Emulator\Timers</Filter>
    </ClInclude>
    <ClInclude Include="CookieboyTIMATimer.h">
      <Filter>Emulator\Timers</Filter>
    </ClInclude>
    <ClInclude Include="RingBuffer.h">
      <Filter>Emulator</Filter>
    </ClInclude>
    <ClInclude Include="CookieboyDutyUnit.h">
      <Filter>Emulator\Sound</Filter>
    </ClInclude>
    <ClInclude Include="CookieboyLFSR.h">
      <Filter>Emulator\Sound</Filter>
    </ClInclude>
    <ClInclude Include="render.h" />
    <ClInclude Include="CookieboySerialIO.h">
      <Filter>Emulator\SerialIO</Filter>
    </ClInclude>
    <ClInclude Include="AudioQueue.h" />
  </ItemGroup>
  <ItemGroup>
    <None Include="LFSR7.inc">
      <Filter>Emulator</Filter>
    </None>
    <None Include="LFSR15.inc">
      <Filter>Emulator</Filter>
    </None>
  </ItemGroup>
</Project>